
Microsoft Visual Studio Solution File, Format Version 12.00
# Visual Studio 15
VisualStudioVersion = 15.0.28307.329
MinimumVisualStudioVersion = 10.0.40219.1
Project("{FAE04EC0-301F-11D3-BF4B-00C04F79EFBC}") = "Mongol Tori Science GUI", "Mongol Tori Science GUI\Mongol Tori Science GUI.csproj", "{2CBE88CA-BC09-4EE7-9933-D821CF790A7D}"
EndProject
Project("{FAE04EC0-301F-11D3-BF4B-00C04F79EFBC}") = "TestRealTimeCharts", "C:\Users\Razin\Downloads\realTimeChart-master\TestRealTimeCharts\TestRealTimeCharts\TestRealTimeCharts.csproj", "{989EAFC4-C68F-4BB0-9E55-B586B4D22751}"
EndProject
Global
	GlobalSection(SolutionConfigurationPlatforms) = preSolution
		Debug|Any CPU = Debug|Any CPU
		Release|Any CPU = Release|Any CPU
	EndGlobalSection
	GlobalSection(ProjectConfigurationPlatforms) = postSolution
		{2CBE88CA-BC09-4EE7-9933-D821CF790A7D}.Debug|Any CPU.ActiveCfg = Debug|Any CPU
		{2CBE88CA-BC09-4EE7-9933-D821CF790A7D}.Debug|Any CPU.Build.0 = Debug|Any CPU
		{2CBE88CA-BC09-4EE7-9933-D821CF790A7D}.Release|Any CPU.ActiveCfg = Release|Any CPU
		{2CBE88CA-BC09-4EE7-9933-D821CF790A7D}.Release|Any CPU.Build.0 = Release|Any CPU
		{989EAFC4-C68F-4BB0-9E55-B586B4D22751}.Debug|Any CPU.ActiveCfg = Debug|Any CPU
		{989EAFC4-C68F-4BB0-9E55-B586B4D22751}.Debug|Any CPU.Build.0 = Debug|Any CPU
		{989EAFC4-C68F-4BB0-9E55-B586B4D22751}.Release|Any CPU.ActiveCfg = Release|Any CPU
		{989EAFC4-C68F-4BB0-9E55-B586B4D22751}.Release|Any CPU.Build.0 = Release|Any CPU
	EndGlobalSection
	GlobalSection(SolutionProperties) = preSolution
		HideSolutionNode = FALSE
	EndGlobalSection
	GlobalSection(ExtensibilityGlobals) = postSolution
		SolutionGuid = {7015BF42-D3A9-4CEF-AA8A-B9A81BE82EC2}
	EndGlobalSection
EndGlobal
